
Microsoft Visual Studio Solution File, Format Version 12.00
# Visual Studio 15
VisualStudioVersion = 15.0.27004.2009
MinimumVisualStudioVersion = 10.0.40219.1
Project("{9092AA53-FB77-4645-B42D-1CCCA6BD08BD}") = "my-app", "my-app.njsproj", "{3639BF09-9015-45D1-BD96-95D23DC65369}"
EndProject
Global
	GlobalSection(SolutionConfigurationPlatforms) = preSolution
		Debug|Any CPU = Debug|Any CPU
		Release|Any CPU = Release|Any CPU
	EndGlobalSection
	GlobalSection(ProjectConfigurationPlatforms) = postSolution
		{3639BF09-9015-45D1-BD96-95D23DC65369}.Debug|Any CPU.ActiveCfg = Debug|Any CPU
		{3639BF09-9015-45D1-BD96-95D23DC65369}.Debug|Any CPU.Build.0 = Debug|Any CPU
		{3639BF09-9015-45D1-BD96-95D23DC65369}.Release|Any CPU.ActiveCfg = Release|Any CPU
		{3639BF09-9015-45D1-BD96-95D23DC65369}.Release|Any CPU.Build.0 = Release|Any CPU
	EndGlobalSection
	GlobalSection(SolutionProperties) = preSolution
		HideSolutionNode = FALSE
	EndGlobalSection
	GlobalSection(ExtensibilityGlobals) = postSolution
		SolutionGuid = {11106985-56A3-481D-8CFE-E5E4B1406B18}
	EndGlobalSection
EndGlobal
